// !$*UTF8*$!
{
	archiveVersion = 1;
	classes = {
	};
	objectVersion = 46;
	objects = {

/* Begin PBXFileReference section */
		A96F4BCF1C8E6D8A00FB2E7F /* cpp */ = {isa = PBXFileReference; lastKnownFileType = folder; name = cpp; path = ../cpp; sourceTree = "<group>"; };
/* End PBXFileReference section */

/* Begin PBXGroup section */
		A98A55DE1C6DB34100ACAE7B = {
			isa = PBXGroup;
			children = (
				A96F4BCF1C8E6D8A00FB2E7F /* cpp */,
			);
			sourceTree = "<group>";
		};
/* End PBXGroup section */

/* Begin PBXLegacyTarget section */
		A98A55E31C6DB34100ACAE7B /* hae_darwin */ = {
			isa = PBXLegacyTarget;
			buildArgumentsString = "$(SCONSFLAGS) -u OS=darwin CPU=x86 DOCS=html BR=on BINDINGS=\"cpp\" WS=off VARIANT=$(CONFIGURATION) --$(ACTION)";
			buildConfigurationList = A98A55E61C6DB34100ACAE7B /* Build configuration list for PBXLegacyTarget "hae_darwin" */;
			buildPhases = (
			);
			buildToolPath = scons;
			buildWorkingDirectory = ../.;
			dependencies = (
			);
			name = hae_darwin;
			passBuildSettingsInEnvironment = 1;
			productName = hae_darwin;
		};
/* End PBXLegacyTarget section */

/* Begin PBXProject section */
		A98A55DF1C6DB34100ACAE7B /* Project object */ = {
			isa = PBXProject;
			attributes = {
				LastUpgradeCheck = 0720;
				ORGANIZATIONNAME = "young kyun jin";
				TargetAttributes = {
					A98A55E31C6DB34100ACAE7B = {
						CreatedOnToolsVersion = 7.2;
					};
				};
			};
			buildConfigurationList = A98A55E21C6DB34100ACAE7B /* Build configuration list for PBXProject "hae_darwin" */;
			compatibilityVersion = "Xcode 3.2";
			developmentRegion = English;
			hasScannedForEncodings = 0;
			knownRegions = (
				en,
			);
			mainGroup = A98A55DE1C6DB34100ACAE7B;
			projectDirPath = "";
			projectRoot = "";
			targets = (
				A98A55E31C6DB34100ACAE7B /* hae_darwin */,
			);
		};
/* End PBXProject section */

/* Begin XCBuildConfiguration section */
		A98A55E41C6DB34100ACAE7B /* Debug */ = {
			isa = XCBuildConfiguration;
			buildSettings = {
				ALWAYS_SEARCH_USER_PATHS = NO;
				ARCHS = "$(ARCHS_STANDARD_64_BIT)";
				COPY_PHASE_STRIP = NO;
				DEBUG_INFORMATION_FORMAT = "";
				GCC_C_LANGUAGE_STANDARD = gnu99;
				GCC_DYNAMIC_NO_PIC = NO;
				GCC_ENABLE_OBJC_EXCEPTIONS = YES;
				GCC_OPTIMIZATION_LEVEL = 0;
				GCC_PREPROCESSOR_DEFINITIONS = (
					"DEBUG=1",
					"$(inherited)",
				);
				GCC_SYMBOLS_PRIVATE_EXTERN = NO;
				GCC_VERSION = com.apple.compilers.llvm.clang.1_0;
				GCC_WARN_64_TO_32_BIT_CONVERSION = YES;
				GCC_WARN_ABOUT_RETURN_TYPE = YES;
				GCC_WARN_UNINITIALIZED_AUTOS = YES;
				GCC_WARN_UNUSED_VARIABLE = YES;
				IPHONEOS_DEPLOYMENT_TARGET = 7.0;
				MACOSX_DEPLOYMENT_TARGET = 10.9;
				ONLY_ACTIVE_ARCH = YES;
				SDKROOT = macosx;
			};
			name = Debug;
		};
		A98A55E51C6DB34100ACAE7B /* Release */ = {
			isa = XCBuildConfiguration;
			buildSettings = {
				ALWAYS_SEARCH_USER_PATHS = NO;
				ARCHS = "$(ARCHS_STANDARD_64_BIT)";
				COPY_PHASE_STRIP = YES;
				DEBUG_INFORMATION_FORMAT = "dwarf-with-dsym";
				GCC_C_LANGUAGE_STANDARD = gnu99;
				GCC_ENABLE_OBJC_EXCEPTIONS = YES;
				GCC_SYMBOLS_PRIVATE_EXTERN = NO;
				GCC_VERSION = com.apple.compilers.llvm.clang.1_0;
				GCC_WARN_64_TO_32_BIT_CONVERSION = YES;
				GCC_WARN_ABOUT_RETURN_TYPE = YES;
				GCC_WARN_UNINITIALIZED_AUTOS = YES;
				GCC_WARN_UNUSED_VARIABLE = YES;
				IPHONEOS_DEPLOYMENT_TARGET = 7.0;
				MACOSX_DEPLOYMENT_TARGET = 10.9;
				SDKROOT = macosx;
			};
			name = Release;
		};
		A98A55E71C6DB34100ACAE7B /* Debug */ = {
			isa = XCBuildConfiguration;
			buildSettings = {
				COMBINE_HIDPI_IMAGES = YES;
				DEBUGGING_SYMBOLS = YES;
				DEBUG_INFORMATION_FORMAT = dwarf;
				GCC_GENERATE_DEBUGGING_SYMBOLS = YES;
				GCC_OPTIMIZATION_LEVEL = 0;
				OTHER_CFLAGS = "";
				OTHER_LDFLAGS = "";
				PRODUCT_NAME = "$(TARGET_NAME)";
				VARIANT = debug;
			};
			name = Debug;
		};
		A98A55E81C6DB34100ACAE7B /* Release */ = {
			isa = XCBuildConfiguration;
			buildSettings = {
				COMBINE_HIDPI_IMAGES = YES;
				DEBUG_INFORMATION_FORMAT = "dwarf-with-dsym";
				OTHER_CFLAGS = "";
				OTHER_LDFLAGS = "";
				PRODUCT_NAME = "$(TARGET_NAME)";
				VARIANT = release;
			};
			name = Release;
		};
/* End XCBuildConfiguration section */

/* Begin XCConfigurationList section */
		A98A55E21C6DB34100ACAE7B /* Build configuration list for PBXProject "hae_darwin" */ = {
			isa = XCConfigurationList;
			buildConfigurations = (
				A98A55E41C6DB34100ACAE7B /* Debug */,
				A98A55E51C6DB34100ACAE7B /* Release */,
			);
			defaultConfigurationIsVisible = 0;
			defaultConfigurationName = Release;
		};
		A98A55E61C6DB34100ACAE7B /* Build configuration list for PBXLegacyTarget "hae_darwin" */ = {
			isa = XCConfigurationList;
			buildConfigurations = (
				A98A55E71C6DB34100ACAE7B /* Debug */,
				A98A55E81C6DB34100ACAE7B /* Release */,
			);
			defaultConfigurationIsVisible = 0;
			defaultConfigurationName = Release;
		};
/* End XCConfigurationList section */
	};
	rootObject = A98A55DF1C6DB34100ACAE7B /* Project object */;
}
